{
  "version": 4,
  "terraform_version": "1.11.4",
  "serial": 8,
  "lineage": "bf66cddd-d91a-6e7e-a63a-7f24102753f1",
  "outputs": {},
  "resources": [
    {
      "mode": "managed",
      "type": "google_bigquery_dataset",
      "name": "data_lake_dataset",
      "provider": "provider[\"registry.terraform.io/hashicorp/google\"]",
      "instances": [
        {
          "schema_version": 0,
          "attributes": {
            "access": [
              {
                "dataset": [],
                "domain": "",
                "group_by_email": "",
                "role": "OWNER",
                "routine": [],
                "special_group": "",
                "user_by_email": "sonhs@smartosc.com",
                "view": []
              },
              {
                "dataset": [],
                "domain": "",
                "group_by_email": "",
                "role": "READER",
                "routine": [],
                "special_group": "projectReaders",
                "user_by_email": "",
                "view": []
              },
              {
                "dataset": [],
                "domain": "",
                "group_by_email": "",
                "role": "WRITER",
                "routine": [],
                "special_group": "projectWriters",
                "user_by_email": "",
                "view": []
              }
            ],
            "creation_time": 1746271220023,
            "dataset_id": "sonhs_data_lake_dev_dataset",
            "default_collation": "",
            "default_encryption_configuration": [],
            "default_partition_expiration_ms": 0,
            "default_table_expiration_ms": 7776000000,
            "delete_contents_on_destroy": true,
            "description": "Dataset for sonhs-data-lake data lake",
            "etag": "bYsbW3UrdzPjLRsbs6AnDA==",
            "friendly_name": "sonhs-data-lake dev Dataset",
            "id": "projects/boreal-album-457603-u0/datasets/sonhs_data_lake_dev_dataset",
            "is_case_insensitive": false,
            "labels": {},
            "last_modified_time": 1746271220023,
            "location": "asia-southeast1",
            "max_time_travel_hours": "168",
            "project": "boreal-album-457603-u0",
            "self_link": "https://bigquery.googleapis.com/bigquery/v2/projects/boreal-album-457603-u0/datasets/sonhs_data_lake_dev_dataset",
            "storage_billing_model": "",
            "timeouts": null
          },
          "sensitive_attributes": [],
          "private": "eyJlMmJmYjczMC1lY2FhLTExZTYtOGY4OC0zNDM2M2JjN2M0YzAiOnsiY3JlYXRlIjoxMjAwMDAwMDAwMDAwLCJkZWxldGUiOjEyMDAwMDAwMDAwMDAsInVwZGF0ZSI6MTIwMDAwMDAwMDAwMH19"
        }
      ]
    },
    {
      "mode": "managed",
      "type": "google_project_iam_custom_role",
      "name": "data_lake_role",
      "provider": "provider[\"registry.terraform.io/hashicorp/google\"]",
      "instances": [
        {
          "schema_version": 0,
          "attributes": {
            "deleted": false,
            "description": "Custom role for data lake access",
            "id": "projects/boreal-album-457603-u0/roles/sonhs_data_lake_dev_lake_role",
            "name": "projects/boreal-album-457603-u0/roles/sonhs_data_lake_dev_lake_role",
            "permissions": [
              "bigquery.datasets.get",
              "bigquery.tables.get",
              "bigquery.tables.getData",
              "bigquery.tables.list",
              "bigquery.tables.update",
              "bigquery.tables.updateData",
              "storage.buckets.get",
              "storage.buckets.getIamPolicy",
              "storage.buckets.setIamPolicy",
              "storage.objects.create",
              "storage.objects.delete",
              "storage.objects.get",
              "storage.objects.list",
              "storage.objects.update"
            ],
            "project": "boreal-album-457603-u0",
            "role_id": "sonhs_data_lake_dev_lake_role",
            "stage": "GA",
            "title": "sonhs-data-lake dev Lake Role"
          },
          "sensitive_attributes": [],
          "private": "bnVsbA=="
        }
      ]
    },
    {
      "mode": "managed",
      "type": "google_project_iam_member",
      "name": "custom_role_binding",
      "provider": "provider[\"registry.terraform.io/hashicorp/google\"]",
      "instances": [
        {
          "schema_version": 0,
          "attributes": {
            "condition": [],
            "etag": "BwY0OXR/Alg=",
            "id": "boreal-album-457603-u0/projects/boreal-album-457603-u0/roles/sonhs_data_lake_dev_lake_role/serviceAccount:sonhs-data-lake-dev-sa@boreal-album-457603-u0.iam.gserviceaccount.com",
            "member": "serviceAccount:sonhs-data-lake-dev-sa@boreal-album-457603-u0.iam.gserviceaccount.com",
            "project": "boreal-album-457603-u0",
            "role": "projects/boreal-album-457603-u0/roles/sonhs_data_lake_dev_lake_role"
          },
          "sensitive_attributes": [],
          "private": "bnVsbA==",
          "dependencies": [
            "google_project_iam_custom_role.data_lake_role",
            "google_service_account.data_lake_sa",
            "google_storage_bucket.data_lake_bucket",
            "google_storage_bucket_iam_member.user_admin"
          ]
        }
      ]
    },
    {
      "mode": "managed",
      "type": "google_service_account",
      "name": "data_lake_sa",
      "provider": "provider[\"registry.terraform.io/hashicorp/google\"]",
      "instances": [
        {
          "schema_version": 0,
          "attributes": {
            "account_id": "sonhs-data-lake-dev-sa",
            "description": "",
            "disabled": false,
            "display_name": "Service Account for sonhs-data-lake data lake access",
            "email": "sonhs-data-lake-dev-sa@boreal-album-457603-u0.iam.gserviceaccount.com",
            "id": "projects/boreal-album-457603-u0/serviceAccounts/sonhs-data-lake-dev-sa@boreal-album-457603-u0.iam.gserviceaccount.com",
            "member": "serviceAccount:sonhs-data-lake-dev-sa@boreal-album-457603-u0.iam.gserviceaccount.com",
            "name": "projects/boreal-album-457603-u0/serviceAccounts/sonhs-data-lake-dev-sa@boreal-album-457603-u0.iam.gserviceaccount.com",
            "project": "boreal-album-457603-u0",
            "timeouts": null,
            "unique_id": "117411139119098185253"
          },
          "sensitive_attributes": [],
          "private": "eyJlMmJmYjczMC1lY2FhLTExZTYtOGY4OC0zNDM2M2JjN2M0YzAiOnsiY3JlYXRlIjozMDAwMDAwMDAwMDB9fQ=="
        }
      ]
    },
    {
      "mode": "managed",
      "type": "google_service_account_key",
      "name": "data_lake_key",
      "provider": "provider[\"registry.terraform.io/hashicorp/google\"]",
      "instances": [
        {
          "schema_version": 0,
          "attributes": {
            "id": "projects/boreal-album-457603-u0/serviceAccounts/sonhs-data-lake-dev-sa@boreal-album-457603-u0.iam.gserviceaccount.com/keys/73ace6b35c6d18d580433f78f7fd3f11115fb374",
            "keepers": null,
            "key_algorithm": "KEY_ALG_RSA_2048",
            "name": "projects/boreal-album-457603-u0/serviceAccounts/sonhs-data-lake-dev-sa@boreal-album-457603-u0.iam.gserviceaccount.com/keys/73ace6b35c6d18d580433f78f7fd3f11115fb374",
            "private_key": "ewogICJ0eXBlIjogInNlcnZpY2VfYWNjb3VudCIsCiAgInByb2plY3RfaWQiOiAiYm9yZWFsLWFsYnVtLTQ1NzYwMy11MCIsCiAgInByaXZhdGVfa2V5X2lkIjogIjczYWNlNmIzNWM2ZDE4ZDU4MDQzM2Y3OGY3ZmQzZjExMTE1ZmIzNzQiLAogICJwcml2YXRlX2tleSI6ICItLS0tLUJFR0lOIFBSSVZBVEUgS0VZLS0tLS1cbk1JSUV2Z0lCQURBTkJna3Foa2lHOXcwQkFRRUZBQVNDQktnd2dnU2tBZ0VBQW9JQkFRRGxzQTlwQzRjc2c5Y2JcblVnazQxdE1Pa1VPNXBhT0Y5Zzc5ZjNKRWxoYTY4MFRLYm5UMG5ldk1iMmR3ZUJhL3FhMW0weUtRdndZaVJ5cWRcbmUxVmtUbnJiNzF2THFvTTczTVlyeTNER051c05UQWlQekoxQUFoZkFsM1Avc2ZRUjVJL2xGTmJoWi9JeUVwZG1cbmoxOVRxc0MzRm9FOEJ5NnR2REErckk3MFpTajV2dUNFdld0Mk5xNU9OYlZodDl4aTArL0NXYWNTeUZadGNVaVpcbnRXRkxqRVBBdGwxUEZDbDU4aXRPZXFNUlV2bytqdkdTUUVzMm1RTkE0ZlZFM2NvN2wxS0cyNGpyR3FiSEJYWkFcbmJNT1prVTFKemtGUFlEV1hKSmFvZkdyVElVMHVXaWw4ZEtOZEpkUFhRWWZhU2ZCa0w4ODlYdjQyQVNYUlI3am9cbmRwZ1dhNVFaQWdNQkFBRUNnZ0VBRWJJU3BkMnBBSHNSejVjaHRjRTdQTnFUbXhJRTdrSVhkMXg3eE8yUHJpWW1cbkRSMVFibWZDUjV1Qk9GV0RZbHd3c2JnRjZEWlVLWXpuZUJqQVVTSzc3V3dQanUxMUFFWXE5c1VBTW8weVp2R09cbkt1aGthS2hUMFlwZitmbWNUdVF4V1hPNzNTb0hxMDRka3ZkU2t1bXh3S0xtSUpsUER3bFR0cHVjSzMzWTVKMkJcblhsUi9PcUpTMkh4SHBLUmpuZytiWWgwTVFGTkxBUG10UW11QWNnWHFHdDYwUDlkS1k4eElUZzZSSFFiZnQ1Q05cbmIvRmh2STNBdmNBZEtiZklUSi9EdmVJNEhBZ1ViV1k2dGJrTDI0RjZnQndJRmxRUkJwWWFDaVQ3SnphYjlxbWxcbmJSVGJ5ODRVRGgwL1Vwdm9lQ3lZRWhieFNXbE0yRHNLbnViRDJNOGlwd0tCZ1FEOE00Y3REK2x5RWltQmhJM3JcblVYYWlyNzZrN0V4V0VqcVl3R2tUVGRucHlrYzBuVnB1bENZVlB6Rkdwa2dHV2ZuTWYxK09FVFN4UDNmNTRuQlFcbnVJUlNGTWlNdEx6RnBDemxLSWFaRjJUakxtMFNBYTQ5OWpKSzM5ejBlN0hqd0JDYmIydEZKZVhwb2lmQnlxeHlcblU5M0JpZEZFcXViSE9QTy80N2Y1NnB5MWR3S0JnUURwSmJpc0FzdlFhb1BOWmgreEZ1RXVHUVNLb3YzRm5wa0RcbkFXa1VjVjdaUkNwSGQ5ZUtsWTFweEZNdStxNjM0VU5lQnhRYkw4QTMyUitRMlB5MURSanFVNjl2NGE5Q0pveW1cbmFUTy9FQ0hyT0hEQmJJWS95NTc4Y0FleUhwN041TFRvTXFjOE9NNjVkUzJKRlhNUG1aZmZoSVdNTjlDNHpDNklcbkhPZW1DK1dtN3dLQmdEYUFvRDdoeUc1cGRHVFVFNk4rS0doQ0dLNGxqdDJ1OU5EY0RCa3E0dVArWGVNRittd1pcblFoMm5XV3ZPTlpTQnoxVWRWYllyQzdzZVh6dzJibFZUZXUwT0pzVVpyZzM4UytOK0haQnFHTmhyeVJCeUlvaXJcbmN2VHhhaHUvdTVMZmgvYy9YZXhFbzJvWkxBUmFXMmdkcmJmTW85ZjJJd2Q4ekZoMHl1YU1pQzlEQW9HQkFPZ01cblR6MkVtdTZZMVEzOTh0VUMvS1F3NmtCQjhXcGJhOWQ5OCtRUTRtSkVZZ0EzMnlObnJoUHkvd2ZuSVRhSzBjNG9cbkpXN1ptK3I2QTF6YldzbW9lMy9lUXVLTU1TOFp4eXRwMGNMOGY0WHA2dS9ZMzlWbkNKb2Z0c2tsaU5GTUxISmVcbjErd3NialJQMkQ1MFJzemtCakRGYVZZaHgyL21hUG00S3ljcytDbXBBb0dCQU83QWZ1ZW1Pb2M2YlM4SWdSd1JcbkNoanpLR00raWhNT1djY1lEcW1VeHNrUHE2RzNrNnU1em1hSCtXWExNc0RKMWVnQ3RXY1lKK25OWTEydWVGaUJcblVBWTFOM20xZGJhdFdyUDVaS2hEcTRTY1oydmJRWXAwU09wN3pDSGp6SU5UT0Rlem12clpJYVRxbUs5c3I4Y0NcbjV1d0xsd1BVbU0rbEJ4eVNkS1UwYWEvWlxuLS0tLS1FTkQgUFJJVkFURSBLRVktLS0tLVxuIiwKICAiY2xpZW50X2VtYWlsIjogInNvbmhzLWRhdGEtbGFrZS1kZXYtc2FAYm9yZWFsLWFsYnVtLTQ1NzYwMy11MC5pYW0uZ3NlcnZpY2VhY2NvdW50LmNvbSIsCiAgImNsaWVudF9pZCI6ICIxMTc0MTExMzkxMTkwOTgxODUyNTMiLAogICJhdXRoX3VyaSI6ICJodHRwczovL2FjY291bnRzLmdvb2dsZS5jb20vby9vYXV0aDIvYXV0aCIsCiAgInRva2VuX3VyaSI6ICJodHRwczovL29hdXRoMi5nb29nbGVhcGlzLmNvbS90b2tlbiIsCiAgImF1dGhfcHJvdmlkZXJfeDUwOV9jZXJ0X3VybCI6ICJodHRwczovL3d3dy5nb29nbGVhcGlzLmNvbS9vYXV0aDIvdjEvY2VydHMiLAogICJjbGllbnRfeDUwOV9jZXJ0X3VybCI6ICJodHRwczovL3d3dy5nb29nbGVhcGlzLmNvbS9yb2JvdC92MS9tZXRhZGF0YS94NTA5L3NvbmhzLWRhdGEtbGFrZS1kZXYtc2ElNDBib3JlYWwtYWxidW0tNDU3NjAzLXUwLmlhbS5nc2VydmljZWFjY291bnQuY29tIiwKICAidW5pdmVyc2VfZG9tYWluIjogImdvb2dsZWFwaXMuY29tIgp9Cg==",
            "private_key_type": "TYPE_GOOGLE_CREDENTIALS_FILE",
            "public_key": "LS0tLS1CRUdJTiBDRVJUSUZJQ0FURS0tLS0tCk1JSUMvRENDQWVTZ0F3SUJBZ0lJVWEyK0xybE1SWlF3RFFZSktvWklodmNOQVFFRkJRQXdJREVlTUJ3R0ExVUUKQXd3Vk1URTNOREV4TVRNNU1URTVNRGs0TVRnMU1qVXpNQ0FYRFRJMU1EVXdNekV4TWpBeU1sb1lEems1T1RreApNak14TWpNMU9UVTVXakFnTVI0d0hBWURWUVFEREJVeE1UYzBNVEV4TXpreE1Ua3dPVGd4T0RVeU5UTXdnZ0VpCk1BMEdDU3FHU0liM0RRRUJBUVVBQTRJQkR3QXdnZ0VLQW9JQkFRRGxzQTlwQzRjc2c5Y2JVZ2s0MXRNT2tVTzUKcGFPRjlnNzlmM0pFbGhhNjgwVEtiblQwbmV2TWIyZHdlQmEvcWExbTB5S1F2d1lpUnlxZGUxVmtUbnJiNzF2TApxb003M01ZcnkzREdOdXNOVEFpUHpKMUFBaGZBbDNQL3NmUVI1SS9sRk5iaFovSXlFcGRtajE5VHFzQzNGb0U4CkJ5NnR2REErckk3MFpTajV2dUNFdld0Mk5xNU9OYlZodDl4aTArL0NXYWNTeUZadGNVaVp0V0ZMakVQQXRsMVAKRkNsNThpdE9lcU1SVXZvK2p2R1NRRXMybVFOQTRmVkUzY283bDFLRzI0anJHcWJIQlhaQWJNT1prVTFKemtGUApZRFdYSkphb2ZHclRJVTB1V2lsOGRLTmRKZFBYUVlmYVNmQmtMODg5WHY0MkFTWFJSN2pvZHBnV2E1UVpBZ01CCkFBR2pPREEyTUF3R0ExVWRFd0VCL3dRQ01BQXdEZ1lEVlIwUEFRSC9CQVFEQWdlQU1CWUdBMVVkSlFFQi93UU0KTUFvR0NDc0dBUVVGQndNQ01BMEdDU3FHU0liM0RRRUJCUVVBQTRJQkFRQWhBSnJqR1lnMjY5a05aNjJ0Z3dqVgp4VkI4UXVnQ2Zic040MG9TQVM1VWl1ZVNiYWFCU2VqOVYwYmY0SlB6ekhpWHo4OUppUkhYbVJoWFIxaXZlM0ZvCnI0OHJxRlN1cTNVYXJ2VWlrVUhkTDR2ZjBaZWpPUFkxV1NCOXhNS1hiT1gxQ05aV1htRHd1TFRqT05UZmZGMlMKclBKLzB5cHhpOVo4YmNJd0ppdittcmVQbEs4bWdjbmdRaWZkaWd2dkdkTW9xcFpFeTFHUnVTak1sMElJdGhvcQpZbUJwbVVDc1pNOHM0cGsweTNLcjNHbjN0czNHUlk4ZFFlZ0RpRU5EMVNJSlBTcG1CR1ppWnI0SVBlcTR6WjRRCko3SStEcFc1aEVRRDE4emRjRS9ZYi9QWWgrVVlyR2QwT0dDWkR5UzJzWWp5amg3dUxhZVltU1Z4a3dJUW04WSsKLS0tLS1FTkQgQ0VSVElGSUNBVEUtLS0tLQo=",
            "public_key_data": null,
            "public_key_type": "TYPE_X509_PEM_FILE",
            "service_account_id": "projects/boreal-album-457603-u0/serviceAccounts/sonhs-data-lake-dev-sa@boreal-album-457603-u0.iam.gserviceaccount.com",
            "valid_after": "2025-05-03T11:20:22Z",
            "valid_before": "9999-12-31T23:59:59Z"
          },
          "sensitive_attributes": [
            [
              {
                "type": "get_attr",
                "value": "private_key"
              }
            ]
          ],
          "private": "bnVsbA==",
          "dependencies": [
            "google_service_account.data_lake_sa"
          ]
        }
      ]
    },
    {
      "mode": "managed",
      "type": "google_storage_bucket",
      "name": "data_lake_bucket",
      "provider": "provider[\"registry.terraform.io/hashicorp/google\"]",
      "instances": [
        {
          "schema_version": 0,
          "attributes": {
            "autoclass": [],
            "cors": [],
            "custom_placement_config": [],
            "default_event_based_hold": false,
            "encryption": [],
            "force_destroy": true,
            "id": "sonhs-data-lake-dev-lake",
            "labels": {},
            "lifecycle_rule": [],
            "location": "ASIA-SOUTHEAST1",
            "logging": [],
            "name": "sonhs-data-lake-dev-lake",
            "project": "boreal-album-457603-u0",
            "public_access_prevention": "enforced",
            "requester_pays": false,
            "retention_policy": [],
            "self_link": "https://www.googleapis.com/storage/v1/b/sonhs-data-lake-dev-lake",
            "soft_delete_policy": [
              {
                "effective_time": "2025-05-03T11:20:22.074Z",
                "retention_duration_seconds": 604800
              }
            ],
            "storage_class": "STANDARD",
            "timeouts": null,
            "uniform_bucket_level_access": true,
            "url": "gs://sonhs-data-lake-dev-lake",
            "versioning": [
              {
                "enabled": true
              }
            ],
            "website": []
          },
          "sensitive_attributes": [],
          "private": "eyJlMmJmYjczMC1lY2FhLTExZTYtOGY4OC0zNDM2M2JjN2M0YzAiOnsiY3JlYXRlIjo2MDAwMDAwMDAwMDAsInJlYWQiOjI0MDAwMDAwMDAwMCwidXBkYXRlIjoyNDAwMDAwMDAwMDB9fQ=="
        }
      ]
    },
    {
      "mode": "managed",
      "type": "google_storage_bucket_iam_member",
      "name": "user_admin",
      "provider": "provider[\"registry.terraform.io/hashicorp/google\"]",
      "instances": [
        {
          "schema_version": 0,
          "attributes": {
            "bucket": "b/sonhs-data-lake-dev-lake",
            "condition": [],
            "etag": "CAI=",
            "id": "b/sonhs-data-lake-dev-lake/roles/storage.admin/user:sonhs@smartosc.com",
            "member": "user:sonhs@smartosc.com",
            "role": "roles/storage.admin"
          },
          "sensitive_attributes": [],
          "private": "bnVsbA==",
          "dependencies": [
            "google_storage_bucket.data_lake_bucket"
          ]
        }
      ]
    }
  ],
  "check_results": null
}
