{
  "version": 4,
  "terraform_version": "1.11.4",
  "serial": 36,
  "lineage": "cfbe9b8b-1318-08ef-5108-25be9e1f8455",
  "outputs": {
    "bigquery_dataset": {
      "value": "aov_analytics",
      "type": "string"
    },
    "temp_bucket": {
      "value": "boreal-album-457603-u0-kafka-aov-analytics-temp",
      "type": "string"
    },
    "vm_external_ip": {
      "value": "35.247.151.149",
      "type": "string"
    },
    "vm_name": {
      "value": "kafka-aov-analytics-vm",
      "type": "string"
    }
  },
  "resources": [
    {
      "mode": "managed",
      "type": "google_bigquery_dataset",
      "name": "aov_analytics_dataset",
      "provider": "provider[\"registry.terraform.io/hashicorp/google\"]",
      "instances": [
        {
          "schema_version": 0,
          "attributes": {
            "access": [
              {
                "condition": [],
                "dataset": [],
                "domain": "",
                "group_by_email": "",
                "iam_member": "",
                "role": "OWNER",
                "routine": [],
                "special_group": "",
                "user_by_email": "sumup-account@boreal-album-457603-u0.iam.gserviceaccount.com",
                "view": []
              },
              {
                "condition": [],
                "dataset": [],
                "domain": "",
                "group_by_email": "",
                "iam_member": "",
                "role": "OWNER",
                "routine": [],
                "special_group": "projectOwners",
                "user_by_email": "",
                "view": []
              },
              {
                "condition": [],
                "dataset": [],
                "domain": "",
                "group_by_email": "",
                "iam_member": "",
                "role": "READER",
                "routine": [],
                "special_group": "projectReaders",
                "user_by_email": "",
                "view": []
              },
              {
                "condition": [],
                "dataset": [],
                "domain": "",
                "group_by_email": "",
                "iam_member": "",
                "role": "WRITER",
                "routine": [],
                "special_group": "projectWriters",
                "user_by_email": "",
                "view": []
              }
            ],
            "creation_time": 1747285629861,
            "dataset_id": "aov_analytics",
            "default_collation": "",
            "default_encryption_configuration": [],
            "default_partition_expiration_ms": 0,
            "default_table_expiration_ms": 0,
            "delete_contents_on_destroy": true,
            "description": "Dataset containing AOV match results",
            "effective_labels": {
              "goog-terraform-provisioned": "true"
            },
            "etag": "O9LrK5OeBFucHcD3gI5vOg==",
            "external_catalog_dataset_options": [],
            "external_dataset_reference": [],
            "friendly_name": "AOV Analytics Data",
            "id": "projects/boreal-album-457603-u0/datasets/aov_analytics",
            "is_case_insensitive": false,
            "labels": null,
            "last_modified_time": 1747285629861,
            "location": "US",
            "max_time_travel_hours": "168",
            "project": "boreal-album-457603-u0",
            "resource_tags": null,
            "self_link": "https://bigquery.googleapis.com/bigquery/v2/projects/boreal-album-457603-u0/datasets/aov_analytics",
            "storage_billing_model": "",
            "terraform_labels": {
              "goog-terraform-provisioned": "true"
            },
            "timeouts": null
          },
          "sensitive_attributes": [],
          "private": "eyJlMmJmYjczMC1lY2FhLTExZTYtOGY4OC0zNDM2M2JjN2M0YzAiOnsiY3JlYXRlIjoxMjAwMDAwMDAwMDAwLCJkZWxldGUiOjEyMDAwMDAwMDAwMDAsInVwZGF0ZSI6MTIwMDAwMDAwMDAwMH19"
        }
      ]
    },
    {
      "mode": "managed",
      "type": "google_bigquery_table",
      "name": "matches_table",
      "provider": "provider[\"registry.terraform.io/hashicorp/google\"]",
      "instances": [
        {
          "schema_version": 0,
          "attributes": {
            "biglake_configuration": [],
            "clustering": null,
            "creation_time": 1747285630621,
            "dataset_id": "aov_analytics",
            "deletion_protection": true,
            "description": "",
            "effective_labels": {
              "goog-terraform-provisioned": "true"
            },
            "encryption_configuration": [],
            "etag": "OYXXUtYvtK8Job8Xzb2r4A==",
            "expiration_time": 0,
            "external_catalog_table_options": [],
            "external_data_configuration": [],
            "friendly_name": "",
            "id": "projects/boreal-album-457603-u0/datasets/aov_analytics/tables/matches",
            "labels": null,
            "last_modified_time": 1747285630734,
            "location": "US",
            "materialized_view": [],
            "max_staleness": "",
            "num_bytes": 0,
            "num_long_term_bytes": 0,
            "num_rows": 0,
            "project": "boreal-album-457603-u0",
            "range_partitioning": [],
            "require_partition_filter": false,
            "resource_tags": null,
            "schema": "[{\"description\":\"Unique match ID\",\"mode\":\"REQUIRED\",\"name\":\"id\",\"type\":\"STRING\"},{\"description\":\"Match start time\",\"mode\":\"REQUIRED\",\"name\":\"start_time\",\"type\":\"TIMESTAMP\"},{\"description\":\"Match end time\",\"mode\":\"REQUIRED\",\"name\":\"end_time\",\"type\":\"TIMESTAMP\"},{\"description\":\"Match duration in seconds\",\"mode\":\"REQUIRED\",\"name\":\"duration_seconds\",\"type\":\"INTEGER\"}]",
            "schema_foreign_type_info": [],
            "self_link": "https://bigquery.googleapis.com/bigquery/v2/projects/boreal-album-457603-u0/datasets/aov_analytics/tables/matches",
            "table_constraints": [],
            "table_id": "matches",
            "table_metadata_view": null,
            "table_replication_info": [],
            "terraform_labels": {
              "goog-terraform-provisioned": "true"
            },
            "time_partitioning": [],
            "type": "TABLE",
            "view": []
          },
          "sensitive_attributes": [],
          "private": "bnVsbA==",
          "dependencies": [
            "google_bigquery_dataset.aov_analytics_dataset"
          ]
        }
      ]
    },
    {
      "mode": "managed",
      "type": "google_bigquery_table",
      "name": "players_table",
      "provider": "provider[\"registry.terraform.io/hashicorp/google\"]",
      "instances": [
        {
          "schema_version": 0,
          "attributes": {
            "biglake_configuration": [],
            "clustering": null,
            "creation_time": 1747285630667,
            "dataset_id": "aov_analytics",
            "deletion_protection": true,
            "description": "",
            "effective_labels": {
              "goog-terraform-provisioned": "true"
            },
            "encryption_configuration": [],
            "etag": "stlu5O7whwHXqQ1aMNJ5IA==",
            "expiration_time": 0,
            "external_catalog_table_options": [],
            "external_data_configuration": [],
            "friendly_name": "",
            "id": "projects/boreal-album-457603-u0/datasets/aov_analytics/tables/players",
            "labels": null,
            "last_modified_time": 1747285630739,
            "location": "US",
            "materialized_view": [],
            "max_staleness": "",
            "num_bytes": 0,
            "num_long_term_bytes": 0,
            "num_rows": 0,
            "project": "boreal-album-457603-u0",
            "range_partitioning": [],
            "require_partition_filter": false,
            "resource_tags": null,
            "schema": "[{\"description\":\"Unique player record ID\",\"mode\":\"REQUIRED\",\"name\":\"id\",\"type\":\"STRING\"},{\"description\":\"ID of the match this player participated in\",\"mode\":\"REQUIRED\",\"name\":\"match_id\",\"type\":\"STRING\"},{\"description\":\"Team ID (1 or 2)\",\"mode\":\"REQUIRED\",\"name\":\"team_id\",\"type\":\"INTEGER\"},{\"description\":\"Champion name\",\"mode\":\"REQUIRED\",\"name\":\"champion\",\"type\":\"STRING\"},{\"description\":\"Number of kills\",\"mode\":\"REQUIRED\",\"name\":\"kills\",\"type\":\"INTEGER\"},{\"description\":\"Number of deaths\",\"mode\":\"REQUIRED\",\"name\":\"deaths\",\"type\":\"INTEGER\"},{\"description\":\"Number of assists\",\"mode\":\"REQUIRED\",\"name\":\"assists\",\"type\":\"INTEGER\"},{\"description\":\"Total damage dealt\",\"mode\":\"REQUIRED\",\"name\":\"total_damage_dealt\",\"type\":\"INTEGER\"},{\"description\":\"Total damage taken\",\"mode\":\"REQUIRED\",\"name\":\"total_damage_taken\",\"type\":\"INTEGER\"},{\"description\":\"Gold earned\",\"mode\":\"REQUIRED\",\"name\":\"gold_earned\",\"type\":\"INTEGER\"},{\"description\":\"Whether this player won the match\",\"mode\":\"REQUIRED\",\"name\":\"win\",\"type\":\"BOOLEAN\"}]",
            "schema_foreign_type_info": [],
            "self_link": "https://bigquery.googleapis.com/bigquery/v2/projects/boreal-album-457603-u0/datasets/aov_analytics/tables/players",
            "table_constraints": [],
            "table_id": "players",
            "table_metadata_view": null,
            "table_replication_info": [],
            "terraform_labels": {
              "goog-terraform-provisioned": "true"
            },
            "time_partitioning": [],
            "type": "TABLE",
            "view": []
          },
          "sensitive_attributes": [],
          "private": "bnVsbA==",
          "dependencies": [
            "google_bigquery_dataset.aov_analytics_dataset"
          ]
        }
      ]
    },
    {
      "mode": "managed",
      "type": "google_bigquery_table",
      "name": "teams_table",
      "provider": "provider[\"registry.terraform.io/hashicorp/google\"]",
      "instances": [
        {
          "schema_version": 0,
          "attributes": {
            "biglake_configuration": [],
            "clustering": null,
            "creation_time": 1747285630651,
            "dataset_id": "aov_analytics",
            "deletion_protection": true,
            "description": "",
            "effective_labels": {
              "goog-terraform-provisioned": "true"
            },
            "encryption_configuration": [],
            "etag": "+0DtHQXUjLIrdhAoyWrJwA==",
            "expiration_time": 0,
            "external_catalog_table_options": [],
            "external_data_configuration": [],
            "friendly_name": "",
            "id": "projects/boreal-album-457603-u0/datasets/aov_analytics/tables/teams",
            "labels": null,
            "last_modified_time": 1747285630738,
            "location": "US",
            "materialized_view": [],
            "max_staleness": "",
            "num_bytes": 0,
            "num_long_term_bytes": 0,
            "num_rows": 0,
            "project": "boreal-album-457603-u0",
            "range_partitioning": [],
            "require_partition_filter": false,
            "resource_tags": null,
            "schema": "[{\"description\":\"Unique team record ID\",\"mode\":\"REQUIRED\",\"name\":\"id\",\"type\":\"STRING\"},{\"description\":\"ID of the match this team participated in\",\"mode\":\"REQUIRED\",\"name\":\"match_id\",\"type\":\"STRING\"},{\"description\":\"Team identifier (1 or 2)\",\"mode\":\"REQUIRED\",\"name\":\"team_id\",\"type\":\"INTEGER\"},{\"description\":\"Whether this team won the match\",\"mode\":\"REQUIRED\",\"name\":\"win\",\"type\":\"BOOLEAN\"},{\"description\":\"Number of dragons killed by the team\",\"mode\":\"REQUIRED\",\"name\":\"dragons\",\"type\":\"INTEGER\"},{\"description\":\"Number of barons killed by the team\",\"mode\":\"REQUIRED\",\"name\":\"barons\",\"type\":\"INTEGER\"},{\"description\":\"Number of towers destroyed by the team\",\"mode\":\"REQUIRED\",\"name\":\"towers\",\"type\":\"INTEGER\"},{\"description\":\"Total kills by the team\",\"mode\":\"REQUIRED\",\"name\":\"total_kills\",\"type\":\"INTEGER\"},{\"description\":\"Total gold earned by the team\",\"mode\":\"REQUIRED\",\"name\":\"total_gold\",\"type\":\"INTEGER\"}]",
            "schema_foreign_type_info": [],
            "self_link": "https://bigquery.googleapis.com/bigquery/v2/projects/boreal-album-457603-u0/datasets/aov_analytics/tables/teams",
            "table_constraints": [],
            "table_id": "teams",
            "table_metadata_view": null,
            "table_replication_info": [],
            "terraform_labels": {
              "goog-terraform-provisioned": "true"
            },
            "time_partitioning": [],
            "type": "TABLE",
            "view": []
          },
          "sensitive_attributes": [],
          "private": "bnVsbA==",
          "dependencies": [
            "google_bigquery_dataset.aov_analytics_dataset"
          ]
        }
      ]
    },
    {
      "mode": "managed",
      "type": "google_compute_instance",
      "name": "aov_api_vm",
      "provider": "provider[\"registry.terraform.io/hashicorp/google\"]",
      "instances": [
        {
          "schema_version": 6,
          "attributes": {
            "advanced_machine_features": [],
            "allow_stopping_for_update": null,
            "attached_disk": [],
            "boot_disk": [
              {
                "auto_delete": true,
                "device_name": "persistent-disk-0",
                "disk_encryption_key_raw": "",
                "disk_encryption_key_rsa": "",
                "disk_encryption_key_sha256": "",
                "disk_encryption_service_account": "",
                "guest_os_features": [
                  "UEFI_COMPATIBLE",
                  "VIRTIO_SCSI_MULTIQUEUE",
                  "GVNIC"
                ],
                "initialize_params": [
                  {
                    "architecture": "X86_64",
                    "enable_confidential_compute": false,
                    "image": "https://www.googleapis.com/compute/v1/projects/debian-cloud/global/images/debian-11-bullseye-v20250513",
                    "labels": {},
                    "provisioned_iops": 0,
                    "provisioned_throughput": 0,
                    "resource_manager_tags": {},
                    "resource_policies": [],
                    "size": 10,
                    "snapshot": "",
                    "source_image_encryption_key": [],
                    "source_snapshot_encryption_key": [],
                    "storage_pool": "",
                    "type": "pd-standard"
                  }
                ],
                "interface": "",
                "kms_key_self_link": "",
                "mode": "READ_WRITE",
                "source": "https://www.googleapis.com/compute/v1/projects/boreal-album-457603-u0/zones/asia-southeast1-a/disks/aov-api-vm"
              }
            ],
            "can_ip_forward": false,
            "confidential_instance_config": [],
            "cpu_platform": "Intel Broadwell",
            "creation_timestamp": "2025-05-14T09:41:13.648-07:00",
            "current_status": "RUNNING",
            "deletion_protection": false,
            "description": "",
            "desired_status": null,
            "effective_labels": {
              "goog-terraform-provisioned": "true"
            },
            "enable_display": false,
            "guest_accelerator": [],
            "hostname": "",
            "id": "projects/boreal-album-457603-u0/zones/asia-southeast1-a/instances/aov-api-vm",
            "instance_encryption_key": [],
            "instance_id": "4938195521300429129",
            "key_revocation_action_type": "",
            "label_fingerprint": "vezUS-42LLM=",
            "labels": {},
            "machine_type": "e2-small",
            "metadata": {},
            "metadata_fingerprint": "byZZ4kDkVqs=",
            "metadata_startup_script": "apt-get update\napt-get install -y docker.io docker-compose python3-pip\npip3 install kafka-python pyspark google-cloud-bigquery google-cloud-storage google-auth\nsystemctl enable docker\nsystemctl start docker\n# No need for usermod since we're using OS Login\n",
            "min_cpu_platform": "",
            "name": "aov-api-vm",
            "network_interface": [
              {
                "access_config": [
                  {
                    "nat_ip": "34.87.161.6",
                    "network_tier": "PREMIUM",
                    "public_ptr_domain_name": ""
                  }
                ],
                "alias_ip_range": [],
                "internal_ipv6_prefix_length": 0,
                "ipv6_access_config": [],
                "ipv6_access_type": "",
                "ipv6_address": "",
                "name": "nic0",
                "network": "https://www.googleapis.com/compute/v1/projects/boreal-album-457603-u0/global/networks/default",
                "network_attachment": "",
                "network_ip": "10.148.0.10",
                "nic_type": "",
                "queue_count": 0,
                "stack_type": "IPV4_ONLY",
                "subnetwork": "https://www.googleapis.com/compute/v1/projects/boreal-album-457603-u0/regions/asia-southeast1/subnetworks/default",
                "subnetwork_project": "boreal-album-457603-u0"
              }
            ],
            "network_performance_config": [],
            "params": [],
            "project": "boreal-album-457603-u0",
            "reservation_affinity": [],
            "resource_policies": [],
            "scheduling": [
              {
                "automatic_restart": true,
                "availability_domain": 0,
                "instance_termination_action": "",
                "local_ssd_recovery_timeout": [],
                "max_run_duration": [],
                "min_node_cpus": 0,
                "node_affinities": [],
                "on_host_maintenance": "MIGRATE",
                "on_instance_stop_action": [],
                "preemptible": false,
                "provisioning_model": "STANDARD",
                "termination_time": ""
              }
            ],
            "scratch_disk": [],
            "self_link": "https://www.googleapis.com/compute/v1/projects/boreal-album-457603-u0/zones/asia-southeast1-a/instances/aov-api-vm",
            "service_account": [],
            "shielded_instance_config": [
              {
                "enable_integrity_monitoring": true,
                "enable_secure_boot": false,
                "enable_vtpm": true
              }
            ],
            "tags": [],
            "tags_fingerprint": "42WmSpB8rSM=",
            "terraform_labels": {
              "goog-terraform-provisioned": "true"
            },
            "timeouts": null,
            "zone": "asia-southeast1-a"
          },
          "sensitive_attributes": [
            [
              {
                "type": "get_attr",
                "value": "boot_disk"
              },
              {
                "type": "index",
                "value": {
                  "value": 0,
                  "type": "number"
                }
              },
              {
                "type": "get_attr",
                "value": "disk_encryption_key_raw"
              }
            ],
            [
              {
                "type": "get_attr",
                "value": "boot_disk"
              },
              {
                "type": "index",
                "value": {
                  "value": 0,
                  "type": "number"
                }
              },
              {
                "type": "get_attr",
                "value": "disk_encryption_key_rsa"
              }
            ]
          ],
          "private": "eyJlMmJmYjczMC1lY2FhLTExZTYtOGY4OC0zNDM2M2JjN2M0YzAiOnsiY3JlYXRlIjoxMjAwMDAwMDAwMDAwLCJkZWxldGUiOjEyMDAwMDAwMDAwMDAsInVwZGF0ZSI6MTIwMDAwMDAwMDAwMH0sInNjaGVtYV92ZXJzaW9uIjoiNiJ9"
        }
      ]
    },
    {
      "mode": "managed",
      "type": "google_compute_instance",
      "name": "kafka_spark_vm",
      "provider": "provider[\"registry.terraform.io/hashicorp/google\"]",
      "instances": [
        {
          "schema_version": 6,
          "attributes": {
            "advanced_machine_features": [],
            "allow_stopping_for_update": null,
            "attached_disk": [],
            "boot_disk": [
              {
                "auto_delete": true,
                "device_name": "persistent-disk-0",
                "disk_encryption_key_raw": "",
                "disk_encryption_key_rsa": "",
                "disk_encryption_key_sha256": "",
                "disk_encryption_service_account": "",
                "guest_os_features": [
                  "UEFI_COMPATIBLE",
                  "VIRTIO_SCSI_MULTIQUEUE",
                  "GVNIC"
                ],
                "initialize_params": [
                  {
                    "architecture": "X86_64",
                    "enable_confidential_compute": false,
                    "image": "https://www.googleapis.com/compute/v1/projects/debian-cloud/global/images/debian-11-bullseye-v20250513",
                    "labels": {},
                    "provisioned_iops": 0,
                    "provisioned_throughput": 0,
                    "resource_manager_tags": {},
                    "resource_policies": [],
                    "size": 10,
                    "snapshot": "",
                    "source_image_encryption_key": [],
                    "source_snapshot_encryption_key": [],
                    "storage_pool": "",
                    "type": "pd-standard"
                  }
                ],
                "interface": "",
                "kms_key_self_link": "",
                "mode": "READ_WRITE",
                "source": "https://www.googleapis.com/compute/v1/projects/boreal-album-457603-u0/zones/asia-southeast1-a/disks/kafka-aov-analytics-vm"
              }
            ],
            "can_ip_forward": false,
            "confidential_instance_config": [],
            "cpu_platform": "Intel Broadwell",
            "creation_timestamp": "2025-05-14T09:41:11.909-07:00",
            "current_status": "RUNNING",
            "deletion_protection": false,
            "description": "",
            "desired_status": null,
            "effective_labels": {
              "goog-terraform-provisioned": "true"
            },
            "enable_display": false,
            "guest_accelerator": [],
            "hostname": "",
            "id": "projects/boreal-album-457603-u0/zones/asia-southeast1-a/instances/kafka-aov-analytics-vm",
            "instance_encryption_key": [],
            "instance_id": "2669568021454485834",
            "key_revocation_action_type": "",
            "label_fingerprint": "vezUS-42LLM=",
            "labels": {},
            "machine_type": "e2-small",
            "metadata": {
              "enable-oslogin": "TRUE"
            },
            "metadata_fingerprint": "kbHZGb6mI30=",
            "metadata_startup_script": "apt-get update\napt-get install -y docker.io docker-compose python3-pip openjdk-11-jdk\npip3 install kafka-python pyspark google-cloud-bigquery google-cloud-storage google-auth\nsystemctl enable docker\nsystemctl start docker\n# No need for usermod since we're using OS Login\n",
            "min_cpu_platform": "",
            "name": "kafka-aov-analytics-vm",
            "network_interface": [
              {
                "access_config": [
                  {
                    "nat_ip": "35.247.151.149",
                    "network_tier": "PREMIUM",
                    "public_ptr_domain_name": ""
                  }
                ],
                "alias_ip_range": [],
                "internal_ipv6_prefix_length": 0,
                "ipv6_access_config": [],
                "ipv6_access_type": "",
                "ipv6_address": "",
                "name": "nic0",
                "network": "https://www.googleapis.com/compute/v1/projects/boreal-album-457603-u0/global/networks/default",
                "network_attachment": "",
                "network_ip": "10.148.0.9",
                "nic_type": "",
                "queue_count": 0,
                "stack_type": "IPV4_ONLY",
                "subnetwork": "https://www.googleapis.com/compute/v1/projects/boreal-album-457603-u0/regions/asia-southeast1/subnetworks/default",
                "subnetwork_project": "boreal-album-457603-u0"
              }
            ],
            "network_performance_config": [],
            "params": [],
            "project": "boreal-album-457603-u0",
            "reservation_affinity": [],
            "resource_policies": [],
            "scheduling": [
              {
                "automatic_restart": true,
                "availability_domain": 0,
                "instance_termination_action": "",
                "local_ssd_recovery_timeout": [],
                "max_run_duration": [],
                "min_node_cpus": 0,
                "node_affinities": [],
                "on_host_maintenance": "MIGRATE",
                "on_instance_stop_action": [],
                "preemptible": false,
                "provisioning_model": "STANDARD",
                "termination_time": ""
              }
            ],
            "scratch_disk": [],
            "self_link": "https://www.googleapis.com/compute/v1/projects/boreal-album-457603-u0/zones/asia-southeast1-a/instances/kafka-aov-analytics-vm",
            "service_account": [],
            "shielded_instance_config": [
              {
                "enable_integrity_monitoring": true,
                "enable_secure_boot": false,
                "enable_vtpm": true
              }
            ],
            "tags": [
              "bigdata",
              "kafka",
              "spark"
            ],
            "tags_fingerprint": "8jAc6JZgWMM=",
            "terraform_labels": {
              "goog-terraform-provisioned": "true"
            },
            "timeouts": null,
            "zone": "asia-southeast1-a"
          },
          "sensitive_attributes": [
            [
              {
                "type": "get_attr",
                "value": "boot_disk"
              },
              {
                "type": "index",
                "value": {
                  "value": 0,
                  "type": "number"
                }
              },
              {
                "type": "get_attr",
                "value": "disk_encryption_key_rsa"
              }
            ],
            [
              {
                "type": "get_attr",
                "value": "boot_disk"
              },
              {
                "type": "index",
                "value": {
                  "value": 0,
                  "type": "number"
                }
              },
              {
                "type": "get_attr",
                "value": "disk_encryption_key_raw"
              }
            ]
          ],
          "private": "eyJlMmJmYjczMC1lY2FhLTExZTYtOGY4OC0zNDM2M2JjN2M0YzAiOnsiY3JlYXRlIjoxMjAwMDAwMDAwMDAwLCJkZWxldGUiOjEyMDAwMDAwMDAwMDAsInVwZGF0ZSI6MTIwMDAwMDAwMDAwMH0sInNjaGVtYV92ZXJzaW9uIjoiNiJ9"
        }
      ]
    },
    {
      "mode": "managed",
      "type": "google_storage_bucket",
      "name": "temp_bucket",
      "provider": "provider[\"registry.terraform.io/hashicorp/google\"]",
      "instances": [
        {
          "schema_version": 3,
          "attributes": {
            "autoclass": [],
            "cors": [],
            "custom_placement_config": [],
            "default_event_based_hold": false,
            "effective_labels": {
              "goog-terraform-provisioned": "true"
            },
            "enable_object_retention": false,
            "encryption": [],
            "force_destroy": true,
            "hierarchical_namespace": [
              {
                "enabled": false
              }
            ],
            "id": "boreal-album-457603-u0-kafka-aov-analytics-temp",
            "labels": {},
            "lifecycle_rule": [],
            "location": "ASIA-SOUTHEAST1",
            "logging": [],
            "name": "boreal-album-457603-u0-kafka-aov-analytics-temp",
            "project": "boreal-album-457603-u0",
            "project_number": 663895004419,
            "public_access_prevention": "inherited",
            "requester_pays": false,
            "retention_policy": [],
            "rpo": null,
            "self_link": "https://www.googleapis.com/storage/v1/b/boreal-album-457603-u0-kafka-aov-analytics-temp",
            "soft_delete_policy": [
              {
                "effective_time": "2025-05-14T14:24:36.568Z",
                "retention_duration_seconds": 604800
              }
            ],
            "storage_class": "STANDARD",
            "terraform_labels": {
              "goog-terraform-provisioned": "true"
            },
            "time_created": "2025-05-14T14:24:36.568Z",
            "timeouts": null,
            "uniform_bucket_level_access": false,
            "updated": "2025-05-14T14:24:36.568Z",
            "url": "gs://boreal-album-457603-u0-kafka-aov-analytics-temp",
            "versioning": [],
            "website": []
          },
          "sensitive_attributes": [],
          "private": "eyJlMmJmYjczMC1lY2FhLTExZTYtOGY4OC0zNDM2M2JjN2M0YzAiOnsiY3JlYXRlIjo2MDAwMDAwMDAwMDAsInJlYWQiOjI0MDAwMDAwMDAwMCwidXBkYXRlIjoyNDAwMDAwMDAwMDB9LCJzY2hlbWFfdmVyc2lvbiI6IjMifQ=="
        }
      ]
    }
  ],
  "check_results": null
}
